// !$*UTF8*$!
{
	archiveVersion = 1;
	classes = {
	};
	objectVersion = 46;
	objects = {

/* Begin PBXBuildFile section */
		751E0B421A7BB38400A33EB4 /* UIImage+Workers.m in Sources */ = {isa = PBXBuildFile; fileRef = 751E0B3E1A7BB38400A33EB4 /* UIImage+Workers.m */; };
		751E0B431A7BB38400A33EB4 /* ConfigurationManager.m in Sources */ = {isa = PBXBuildFile; fileRef = 751E0B411A7BB38400A33EB4 /* ConfigurationManager.m */; };
		7548C0F01A7F80DC00063B3F /* VKAccessToken.m in Sources */ = {isa = PBXBuildFile; fileRef = 7548C0EF1A7F80DC00063B3F /* VKAccessToken.m */; };
		7548C0F31A7F80F900063B3F /* VKUser.m in Sources */ = {isa = PBXBuildFile; fileRef = 7548C0F21A7F80F900063B3F /* VKUser.m */; };
		7548C0F61A7F818B00063B3F /* VKFriend.m in Sources */ = {isa = PBXBuildFile; fileRef = 7548C0F51A7F818B00063B3F /* VKFriend.m */; };
		7548C1031A7F8FE100063B3F /* FriendsController.m in Sources */ = {isa = PBXBuildFile; fileRef = 7548C0FF1A7F8FE100063B3F /* FriendsController.m */; };
		7548C1041A7F8FE100063B3F /* LoginController.m in Sources */ = {isa = PBXBuildFile; fileRef = 7548C1021A7F8FE100063B3F /* LoginController.m */; };
		7548C1081A7F92C400063B3F /* HomeController.m in Sources */ = {isa = PBXBuildFile; fileRef = 7548C1071A7F92C400063B3F /* HomeController.m */; };
		7548C10A1A7FA9D600063B3F /* HomeController.storyboard in Resources */ = {isa = PBXBuildFile; fileRef = 7548C1091A7FA9D600063B3F /* HomeController.storyboard */; };
		7548C10C1A7FA9E200063B3F /* LoginController.storyboard in Resources */ = {isa = PBXBuildFile; fileRef = 7548C10B1A7FA9E200063B3F /* LoginController.storyboard */; };
		7548C10E1A7FA9F600063B3F /* FriendsController.storyboard in Resources */ = {isa = PBXBuildFile; fileRef = 7548C10D1A7FA9F600063B3F /* FriendsController.storyboard */; };
		75582CCB1A7A7DEE009A2755 /* Configurations.plist in Resources */ = {isa = PBXBuildFile; fileRef = 75582CCA1A7A7DEE009A2755 /* Configurations.plist */; };
		75A401791A72DAAA0045109E /* AppDelegate.m in Sources */ = {isa = PBXBuildFile; fileRef = 75A401781A72DAAA0045109E /* AppDelegate.m */; };
		75A401901A72DAAA0045109E /* rg_ios_baseTests.m in Sources */ = {isa = PBXBuildFile; fileRef = 75A4018F1A72DAAA0045109E /* rg_ios_baseTests.m */; };
		75A401AC1A72FA760045109E /* Images.xcassets in Resources */ = {isa = PBXBuildFile; fileRef = 75A401A01A72FA760045109E /* Images.xcassets */; };
		75A401AD1A72FA760045109E /* LaunchScreen.xib in Resources */ = {isa = PBXBuildFile; fileRef = 75A401A31A72FA760045109E /* LaunchScreen.xib */; };
		75A401B01A72FA760045109E /* main.m in Sources */ = {isa = PBXBuildFile; fileRef = 75A401A91A72FA760045109E /* main.m */; };
		75A4CA991A7FF7C1002EBC51 /* UIViewController+Storyboard.m in Sources */ = {isa = PBXBuildFile; fileRef = 75A4CA981A7FF7C1002EBC51 /* UIViewController+Storyboard.m */; };
		D5E2EE2127E151B9858F981B /* libPods.a in Frameworks */ = {isa = PBXBuildFile; fileRef = 06799FCFBAC0BB6F7F9CEA62 /* libPods.a */; };
/* End PBXBuildFile section */

/* Begin PBXContainerItemProxy section */
		75A4018A1A72DAAA0045109E /* PBXContainerItemProxy */ = {
			isa = PBXContainerItemProxy;
			containerPortal = 75A401681A72DAAA0045109E /* Project object */;
			proxyType = 1;
			remoteGlobalIDString = 75A4016F1A72DAAA0045109E;
			remoteInfo = "rg-ios-base";
		};
/* End PBXContainerItemProxy section */

/* Begin PBXFileReference section */
		06799FCFBAC0BB6F7F9CEA62 /* libPods.a */ = {isa = PBXFileReference; explicitFileType = archive.ar; includeInIndex = 0; path = libPods.a; sourceTree = BUILT_PRODUCTS_DIR; };
		751E0B3D1A7BB38400A33EB4 /* UIImage+Workers.h */ = {isa = PBXFileReference; fileEncoding = 4; lastKnownFileType = sourcecode.c.h; path = "UIImage+Workers.h"; sourceTree = "<group>"; };
		751E0B3E1A7BB38400A33EB4 /* UIImage+Workers.m */ = {isa = PBXFileReference; fileEncoding = 4; lastKnownFileType = sourcecode.c.objc; path = "UIImage+Workers.m"; sourceTree = "<group>"; };
		751E0B401A7BB38400A33EB4 /* ConfigurationManager.h */ = {isa = PBXFileReference; fileEncoding = 4; lastKnownFileType = sourcecode.c.h; path = ConfigurationManager.h; sourceTree = "<group>"; };
		751E0B411A7BB38400A33EB4 /* ConfigurationManager.m */ = {isa = PBXFileReference; fileEncoding = 4; lastKnownFileType = sourcecode.c.objc; path = ConfigurationManager.m; sourceTree = "<group>"; };
		7548C0EE1A7F80DC00063B3F /* VKAccessToken.h */ = {isa = PBXFileReference; fileEncoding = 4; lastKnownFileType = sourcecode.c.h; path = VKAccessToken.h; sourceTree = "<group>"; };
		7548C0EF1A7F80DC00063B3F /* VKAccessToken.m */ = {isa = PBXFileReference; fileEncoding = 4; lastKnownFileType = sourcecode.c.objc; path = VKAccessToken.m; sourceTree = "<group>"; };
		7548C0F11A7F80F900063B3F /* VKUser.h */ = {isa = PBXFileReference; fileEncoding = 4; lastKnownFileType = sourcecode.c.h; path = VKUser.h; sourceTree = "<group>"; };
		7548C0F21A7F80F900063B3F /* VKUser.m */ = {isa = PBXFileReference; fileEncoding = 4; lastKnownFileType = sourcecode.c.objc; path = VKUser.m; sourceTree = "<group>"; };
		7548C0F41A7F818B00063B3F /* VKFriend.h */ = {isa = PBXFileReference; fileEncoding = 4; lastKnownFileType = sourcecode.c.h; path = VKFriend.h; sourceTree = "<group>"; };
		7548C0F51A7F818B00063B3F /* VKFriend.m */ = {isa = PBXFileReference; fileEncoding = 4; lastKnownFileType = sourcecode.c.objc; path = VKFriend.m; sourceTree = "<group>"; };
		7548C0FE1A7F8FE100063B3F /* FriendsController.h */ = {isa = PBXFileReference; fileEncoding = 4; lastKnownFileType = sourcecode.c.h; path = FriendsController.h; sourceTree = "<group>"; };
		7548C0FF1A7F8FE100063B3F /* FriendsController.m */ = {isa = PBXFileReference; fileEncoding = 4; lastKnownFileType = sourcecode.c.objc; path = FriendsController.m; sourceTree = "<group>"; };
		7548C1011A7F8FE100063B3F /* LoginController.h */ = {isa = PBXFileReference; fileEncoding = 4; lastKnownFileType = sourcecode.c.h; path = LoginController.h; sourceTree = "<group>"; };
		7548C1021A7F8FE100063B3F /* LoginController.m */ = {isa = PBXFileReference; fileEncoding = 4; lastKnownFileType = sourcecode.c.objc; path = LoginController.m; sourceTree = "<group>"; };
		7548C1061A7F92C400063B3F /* HomeController.h */ = {isa = PBXFileReference; fileEncoding = 4; lastKnownFileType = sourcecode.c.h; path = HomeController.h; sourceTree = "<group>"; };
		7548C1071A7F92C400063B3F /* HomeController.m */ = {isa = PBXFileReference; fileEncoding = 4; lastKnownFileType = sourcecode.c.objc; path = HomeController.m; sourceTree = "<group>"; };
		7548C1091A7FA9D600063B3F /* HomeController.storyboard */ = {isa = PBXFileReference; fileEncoding = 4; lastKnownFileType = file.storyboard; path = HomeController.storyboard; sourceTree = "<group>"; };
		7548C10B1A7FA9E200063B3F /* LoginController.storyboard */ = {isa = PBXFileReference; fileEncoding = 4; lastKnownFileType = file.storyboard; path = LoginController.storyboard; sourceTree = "<group>"; };
		7548C10D1A7FA9F600063B3F /* FriendsController.storyboard */ = {isa = PBXFileReference; fileEncoding = 4; lastKnownFileType = file.storyboard; path = FriendsController.storyboard; sourceTree = "<group>"; };
		75582CCA1A7A7DEE009A2755 /* Configurations.plist */ = {isa = PBXFileReference; fileEncoding = 4; lastKnownFileType = text.plist.xml; path = Configurations.plist; sourceTree = "<group>"; };
		75A401701A72DAAA0045109E /* rg-ios-base.app */ = {isa = PBXFileReference; explicitFileType = wrapper.application; includeInIndex = 0; path = "rg-ios-base.app"; sourceTree = BUILT_PRODUCTS_DIR; };
		75A401771A72DAAA0045109E /* AppDelegate.h */ = {isa = PBXFileReference; lastKnownFileType = sourcecode.c.h; path = AppDelegate.h; sourceTree = "<group>"; };
		75A401781A72DAAA0045109E /* AppDelegate.m */ = {isa = PBXFileReference; lastKnownFileType = sourcecode.c.objc; path = AppDelegate.m; sourceTree = "<group>"; };
		75A401891A72DAAA0045109E /* rg-ios-baseTests.xctest */ = {isa = PBXFileReference; explicitFileType = wrapper.cfbundle; includeInIndex = 0; path = "rg-ios-baseTests.xctest"; sourceTree = BUILT_PRODUCTS_DIR; };
		75A4018E1A72DAAA0045109E /* Info.plist */ = {isa = PBXFileReference; lastKnownFileType = text.plist.xml; path = Info.plist; sourceTree = "<group>"; };
		75A4018F1A72DAAA0045109E /* rg_ios_baseTests.m */ = {isa = PBXFileReference; lastKnownFileType = sourcecode.c.objc; path = rg_ios_baseTests.m; sourceTree = "<group>"; };
		75A401A01A72FA760045109E /* Images.xcassets */ = {isa = PBXFileReference; lastKnownFileType = folder.assetcatalog; path = Images.xcassets; sourceTree = "<group>"; };
		75A401A41A72FA760045109E /* Base */ = {isa = PBXFileReference; lastKnownFileType = file.xib; name = Base; path = Base.lproj/LaunchScreen.xib; sourceTree = "<group>"; };
		75A401A81A72FA760045109E /* Info.plist */ = {isa = PBXFileReference; fileEncoding = 4; lastKnownFileType = text.plist.xml; path = Info.plist; sourceTree = "<group>"; };
		75A401A91A72FA760045109E /* main.m */ = {isa = PBXFileReference; fileEncoding = 4; lastKnownFileType = sourcecode.c.objc; path = main.m; sourceTree = "<group>"; };
		75A401BC1A74F7760045109E /* PrefixHeader.pch */ = {isa = PBXFileReference; lastKnownFileType = sourcecode.c.h; path = PrefixHeader.pch; sourceTree = "<group>"; };
		75A4CA971A7FF7C1002EBC51 /* UIViewController+Storyboard.h */ = {isa = PBXFileReference; fileEncoding = 4; lastKnownFileType = sourcecode.c.h; path = "UIViewController+Storyboard.h"; sourceTree = "<group>"; };
		75A4CA981A7FF7C1002EBC51 /* UIViewController+Storyboard.m */ = {isa = PBXFileReference; fileEncoding = 4; lastKnownFileType = sourcecode.c.objc; path = "UIViewController+Storyboard.m"; sourceTree = "<group>"; };
		9B442B7361AE9EBC8D75096B /* Pods.debug.xcconfig */ = {isa = PBXFileReference; includeInIndex = 1; lastKnownFileType = text.xcconfig; name = Pods.debug.xcconfig; path = "Pods/Target Support Files/Pods/Pods.debug.xcconfig"; sourceTree = "<group>"; };
		D7B434ED45124BC58DCA9EBB /* Pods.release.xcconfig */ = {isa = PBXFileReference; includeInIndex = 1; lastKnownFileType = text.xcconfig; name = Pods.release.xcconfig; path = "Pods/Target Support Files/Pods/Pods.release.xcconfig"; sourceTree = "<group>"; };
/* End PBXFileReference section */

/* Begin PBXFrameworksBuildPhase section */
		75A4016D1A72DAAA0045109E /* Frameworks */ = {
			isa = PBXFrameworksBuildPhase;
			buildActionMask = 2147483647;
			files = (
				D5E2EE2127E151B9858F981B /* libPods.a in Frameworks */,
			);
			runOnlyForDeploymentPostprocessing = 0;
		};
		75A401861A72DAAA0045109E /* Frameworks */ = {
			isa = PBXFrameworksBuildPhase;
			buildActionMask = 2147483647;
			files = (
			);
			runOnlyForDeploymentPostprocessing = 0;
		};
/* End PBXFrameworksBuildPhase section */

/* Begin PBXGroup section */
		751E0B3C1A7BB38400A33EB4 /* Categories */ = {
			isa = PBXGroup;
			children = (
				751E0B3D1A7BB38400A33EB4 /* UIImage+Workers.h */,
				751E0B3E1A7BB38400A33EB4 /* UIImage+Workers.m */,
				75A4CA971A7FF7C1002EBC51 /* UIViewController+Storyboard.h */,
				75A4CA981A7FF7C1002EBC51 /* UIViewController+Storyboard.m */,
			);
			path = Categories;
			sourceTree = "<group>";
		};
		751E0B3F1A7BB38400A33EB4 /* Managers */ = {
			isa = PBXGroup;
			children = (
				751E0B401A7BB38400A33EB4 /* ConfigurationManager.h */,
				751E0B411A7BB38400A33EB4 /* ConfigurationManager.m */,
			);
			path = Managers;
			sourceTree = "<group>";
		};
		7548C0ED1A7F807200063B3F /* Models */ = {
			isa = PBXGroup;
			children = (
				7548C0EE1A7F80DC00063B3F /* VKAccessToken.h */,
				7548C0EF1A7F80DC00063B3F /* VKAccessToken.m */,
				7548C0F11A7F80F900063B3F /* VKUser.h */,
				7548C0F21A7F80F900063B3F /* VKUser.m */,
				7548C0F41A7F818B00063B3F /* VKFriend.h */,
				7548C0F51A7F818B00063B3F /* VKFriend.m */,
			);
			path = Models;
			sourceTree = "<group>";
		};
		7548C0FD1A7F8FE100063B3F /* Friends Controller */ = {
			isa = PBXGroup;
			children = (
				7548C0FE1A7F8FE100063B3F /* FriendsController.h */,
				7548C0FF1A7F8FE100063B3F /* FriendsController.m */,
				7548C10D1A7FA9F600063B3F /* FriendsController.storyboard */,
			);
			path = "Friends Controller";
			sourceTree = "<group>";
		};
		7548C1001A7F8FE100063B3F /* Login Controller */ = {
			isa = PBXGroup;
			children = (
				7548C1011A7F8FE100063B3F /* LoginController.h */,
				7548C1021A7F8FE100063B3F /* LoginController.m */,
				7548C10B1A7FA9E200063B3F /* LoginController.storyboard */,
			);
			path = "Login Controller";
			sourceTree = "<group>";
		};
		7548C1051A7F92AD00063B3F /* Home Controller */ = {
			isa = PBXGroup;
			children = (
				7548C1061A7F92C400063B3F /* HomeController.h */,
				7548C1071A7F92C400063B3F /* HomeController.m */,
				7548C1091A7FA9D600063B3F /* HomeController.storyboard */,
			);
			path = "Home Controller";
			sourceTree = "<group>";
		};
		75A401671A72DAAA0045109E = {
			isa = PBXGroup;
			children = (
				75A401721A72DAAA0045109E /* rg-ios-base */,
				75A4018C1A72DAAA0045109E /* rg-ios-baseTests */,
				75A401711A72DAAA0045109E /* Products */,
				FAC866ED7E8390DBDCE5C4FC /* Pods */,
				7A86B5C61464A080D581DADE /* Frameworks */,
			);
			sourceTree = "<group>";
		};
		75A401711A72DAAA0045109E /* Products */ = {
			isa = PBXGroup;
			children = (
				75A401701A72DAAA0045109E /* rg-ios-base.app */,
				75A401891A72DAAA0045109E /* rg-ios-baseTests.xctest */,
			);
			name = Products;
			sourceTree = "<group>";
		};
		75A401721A72DAAA0045109E /* rg-ios-base */ = {
			isa = PBXGroup;
			children = (
				75A401771A72DAAA0045109E /* AppDelegate.h */,
				75A401781A72DAAA0045109E /* AppDelegate.m */,
				75A401A21A72FA760045109E /* Storyboards */,
				7548C0ED1A7F807200063B3F /* Models */,
				75A401AA1A72FA760045109E /* Views */,
				75A4019A1A72FA760045109E /* Controllers */,
				751E0B3F1A7BB38400A33EB4 /* Managers */,
				751E0B3C1A7BB38400A33EB4 /* Categories */,
				75A4019F1A72FA760045109E /* Resources */,
				75A401A71A72FA760045109E /* Supporting Files */,
			);
			path = "rg-ios-base";
			sourceTree = "<group>";
		};
		75A4018C1A72DAAA0045109E /* rg-ios-baseTests */ = {
			isa = PBXGroup;
			children = (
				75A4018F1A72DAAA0045109E /* rg_ios_baseTests.m */,
				75A4018D1A72DAAA0045109E /* Supporting Files */,
			);
			path = "rg-ios-baseTests";
			sourceTree = "<group>";
		};
		75A4018D1A72DAAA0045109E /* Supporting Files */ = {
			isa = PBXGroup;
			children = (
				75A4018E1A72DAAA0045109E /* Info.plist */,
			);
			name = "Supporting Files";
			sourceTree = "<group>";
		};
		75A4019A1A72FA760045109E /* Controllers */ = {
			isa = PBXGroup;
			children = (
				7548C1051A7F92AD00063B3F /* Home Controller */,
				7548C1001A7F8FE100063B3F /* Login Controller */,
				7548C0FD1A7F8FE100063B3F /* Friends Controller */,
			);
			path = Controllers;
			sourceTree = "<group>";
		};
		75A4019F1A72FA760045109E /* Resources */ = {
			isa = PBXGroup;
			children = (
				75A401A01A72FA760045109E /* Images.xcassets */,
				75582CCA1A7A7DEE009A2755 /* Configurations.plist */,
			);
			path = Resources;
			sourceTree = "<group>";
		};
		75A401A21A72FA760045109E /* Storyboards */ = {
			isa = PBXGroup;
			children = (
				75A401A31A72FA760045109E /* LaunchScreen.xib */,
			);
			path = Storyboards;
			sourceTree = "<group>";
		};
		75A401A71A72FA760045109E /* Supporting Files */ = {
			isa = PBXGroup;
			children = (
				75A401A81A72FA760045109E /* Info.plist */,
				75A401A91A72FA760045109E /* main.m */,
				75A401BC1A74F7760045109E /* PrefixHeader.pch */,
			);
			path = "Supporting Files";
			sourceTree = "<group>";
		};
		75A401AA1A72FA760045109E /* Views */ = {
			isa = PBXGroup;
			children = (
			);
			path = Views;
			sourceTree = "<group>";
		};
		7A86B5C61464A080D581DADE /* Frameworks */ = {
			isa = PBXGroup;
			children = (
				06799FCFBAC0BB6F7F9CEA62 /* libPods.a */,
			);
			name = Frameworks;
			sourceTree = "<group>";
		};
		FAC866ED7E8390DBDCE5C4FC /* Pods */ = {
			isa = PBXGroup;
			children = (
				9B442B7361AE9EBC8D75096B /* Pods.debug.xcconfig */,
				D7B434ED45124BC58DCA9EBB /* Pods.release.xcconfig */,
			);
			name = Pods;
			sourceTree = "<group>";
		};
/* End PBXGroup section */

/* Begin PBXNativeTarget section */
		75A4016F1A72DAAA0045109E /* rg-ios-base */ = {
			isa = PBXNativeTarget;
			buildConfigurationList = 75A401931A72DAAA0045109E /* Build configuration list for PBXNativeTarget "rg-ios-base" */;
			buildPhases = (
				F6EF9DB43CA900811087B221 /* Check Pods Manifest.lock */,
				75A4016C1A72DAAA0045109E /* Sources */,
				75A4016D1A72DAAA0045109E /* Frameworks */,
				75A4016E1A72DAAA0045109E /* Resources */,
				7412903F357C08D9560EF235 /* Copy Pods Resources */,
			);
			buildRules = (
			);
			dependencies = (
			);
			name = "rg-ios-base";
			productName = "rg-ios-base";
			productReference = 75A401701A72DAAA0045109E /* rg-ios-base.app */;
			productType = "com.apple.product-type.application";
		};
		75A401881A72DAAA0045109E /* rg-ios-baseTests */ = {
			isa = PBXNativeTarget;
			buildConfigurationList = 75A401961A72DAAA0045109E /* Build configuration list for PBXNativeTarget "rg-ios-baseTests" */;
			buildPhases = (
				75A401851A72DAAA0045109E /* Sources */,
				75A401861A72DAAA0045109E /* Frameworks */,
				75A401871A72DAAA0045109E /* Resources */,
			);
			buildRules = (
			);
			dependencies = (
				75A4018B1A72DAAA0045109E /* PBXTargetDependency */,
			);
			name = "rg-ios-baseTests";
			productName = "rg-ios-baseTests";
			productReference = 75A401891A72DAAA0045109E /* rg-ios-baseTests.xctest */;
			productType = "com.apple.product-type.bundle.unit-test";
		};
/* End PBXNativeTarget section */

/* Begin PBXProject section */
		75A401681A72DAAA0045109E /* Project object */ = {
			isa = PBXProject;
			attributes = {
				LastUpgradeCheck = 0610;
				ORGANIZATIONNAME = "Artur Igberdin";
				TargetAttributes = {
					75A4016F1A72DAAA0045109E = {
						CreatedOnToolsVersion = 6.1.1;
					};
					75A401881A72DAAA0045109E = {
						CreatedOnToolsVersion = 6.1.1;
						TestTargetID = 75A4016F1A72DAAA0045109E;
					};
				};
			};
			buildConfigurationList = 75A4016B1A72DAAA0045109E /* Build configuration list for PBXProject "rg-ios-base" */;
			compatibilityVersion = "Xcode 3.2";
			developmentRegion = English;
			hasScannedForEncodings = 0;
			knownRegions = (
				en,
				Base,
			);
			mainGroup = 75A401671A72DAAA0045109E;
			productRefGroup = 75A401711A72DAAA0045109E /* Products */;
			projectDirPath = "";
			projectRoot = "";
			targets = (
				75A4016F1A72DAAA0045109E /* rg-ios-base */,
				75A401881A72DAAA0045109E /* rg-ios-baseTests */,
			);
		};
/* End PBXProject section */

/* Begin PBXResourcesBuildPhase section */
		75A4016E1A72DAAA0045109E /* Resources */ = {
			isa = PBXResourcesBuildPhase;
			buildActionMask = 2147483647;
			files = (
				7548C10E1A7FA9F600063B3F /* FriendsController.storyboard in Resources */,
				7548C10A1A7FA9D600063B3F /* HomeController.storyboard in Resources */,
				7548C10C1A7FA9E200063B3F /* LoginController.storyboard in Resources */,
				75582CCB1A7A7DEE009A2755 /* Configurations.plist in Resources */,
				75A401AD1A72FA760045109E /* LaunchScreen.xib in Resources */,
				75A401AC1A72FA760045109E /* Images.xcassets in Resources */,
			);
			runOnlyForDeploymentPostprocessing = 0;
		};
		75A401871A72DAAA0045109E /* Resources */ = {
			isa = PBXResourcesBuildPhase;
			buildActionMask = 2147483647;
			files = (
			);
			runOnlyForDeploymentPostprocessing = 0;
		};
/* End PBXResourcesBuildPhase section */

/* Begin PBXShellScriptBuildPhase section */
		7412903F357C08D9560EF235 /* Copy Pods Resources */ = {
			isa = PBXShellScriptBuildPhase;
			buildActionMask = 2147483647;
			files = (
			);
			inputPaths = (
			);
			name = "Copy Pods Resources";
			outputPaths = (
			);
			runOnlyForDeploymentPostprocessing = 0;
			shellPath = /bin/sh;
			shellScript = "\"${SRCROOT}/Pods/Target Support Files/Pods/Pods-resources.sh\"\n";
			showEnvVarsInLog = 0;
		};
		F6EF9DB43CA900811087B221 /* Check Pods Manifest.lock */ = {
			isa = PBXShellScriptBuildPhase;
			buildActionMask = 2147483647;
			files = (
			);
			inputPaths = (
			);
			name = "Check Pods Manifest.lock";
			outputPaths = (
			);
			runOnlyForDeploymentPostprocessing = 0;
			shellPath = /bin/sh;
			shellScript = "diff \"${PODS_ROOT}/../Podfile.lock\" \"${PODS_ROOT}/Manifest.lock\" > /dev/null\nif [[ $? != 0 ]] ; then\n    cat << EOM\nerror: The sandbox is not in sync with the Podfile.lock. Run 'pod install' or update your CocoaPods installation.\nEOM\n    exit 1\nfi\n";
			showEnvVarsInLog = 0;
		};
/* End PBXShellScriptBuildPhase section */

/* Begin PBXSourcesBuildPhase section */
		75A4016C1A72DAAA0045109E /* Sources */ = {
			isa = PBXSourcesBuildPhase;
			buildActionMask = 2147483647;
			files = (
				7548C0F01A7F80DC00063B3F /* VKAccessToken.m in Sources */,
				7548C0F31A7F80F900063B3F /* VKUser.m in Sources */,
				751E0B431A7BB38400A33EB4 /* ConfigurationManager.m in Sources */,
				751E0B421A7BB38400A33EB4 /* UIImage+Workers.m in Sources */,
				7548C1081A7F92C400063B3F /* HomeController.m in Sources */,
				75A401B01A72FA760045109E /* main.m in Sources */,
				7548C1031A7F8FE100063B3F /* FriendsController.m in Sources */,
				75A4CA991A7FF7C1002EBC51 /* UIViewController+Storyboard.m in Sources */,
				7548C0F61A7F818B00063B3F /* VKFriend.m in Sources */,
				75A401791A72DAAA0045109E /* AppDelegate.m in Sources */,
				7548C1041A7F8FE100063B3F /* LoginController.m in Sources */,
			);
			runOnlyForDeploymentPostprocessing = 0;
		};
		75A401851A72DAAA0045109E /* Sources */ = {
			isa = PBXSourcesBuildPhase;
			buildActionMask = 2147483647;
			files = (
				75A401901A72DAAA0045109E /* rg_ios_baseTests.m in Sources */,
			);
			runOnlyForDeploymentPostprocessing = 0;
		};
/* End PBXSourcesBuildPhase section */

/* Begin PBXTargetDependency section */
		75A4018B1A72DAAA0045109E /* PBXTargetDependency */ = {
			isa = PBXTargetDependency;
			target = 75A4016F1A72DAAA0045109E /* rg-ios-base */;
			targetProxy = 75A4018A1A72DAAA0045109E /* PBXContainerItemProxy */;
		};
/* End PBXTargetDependency section */

/* Begin PBXVariantGroup section */
		75A401A31A72FA760045109E /* LaunchScreen.xib */ = {
			isa = PBXVariantGroup;
			children = (
				75A401A41A72FA760045109E /* Base */,
			);
			name = LaunchScreen.xib;
			sourceTree = "<group>";
		};
/* End PBXVariantGroup section */

/* Begin XCBuildConfiguration section */
		756BE97C1A7A731500FA5BB2 /* Staging */ = {
			isa = XCBuildConfiguration;
			buildSettings = {
				ALWAYS_SEARCH_USER_PATHS = NO;
				CLANG_CXX_LANGUAGE_STANDARD = "gnu++0x";
				CLANG_CXX_LIBRARY = "libc++";
				CLANG_ENABLE_MODULES = YES;
				CLANG_ENABLE_OBJC_ARC = YES;
				CLANG_WARN_BOOL_CONVERSION = YES;
				CLANG_WARN_CONSTANT_CONVERSION = YES;
				CLANG_WARN_DIRECT_OBJC_ISA_USAGE = YES_ERROR;
				CLANG_WARN_EMPTY_BODY = YES;
				CLANG_WARN_ENUM_CONVERSION = YES;
				CLANG_WARN_INT_CONVERSION = YES;
				CLANG_WARN_OBJC_ROOT_CLASS = YES_ERROR;
				CLANG_WARN_UNREACHABLE_CODE = YES;
				CLANG_WARN__DUPLICATE_METHOD_MATCH = YES;
				"CODE_SIGN_IDENTITY[sdk=iphoneos*]" = "iPhone Developer";
				COPY_PHASE_STRIP = NO;
				ENABLE_STRICT_OBJC_MSGSEND = YES;
				GCC_C_LANGUAGE_STANDARD = gnu99;
				GCC_DYNAMIC_NO_PIC = NO;
				GCC_OPTIMIZATION_LEVEL = 0;
				GCC_PREPROCESSOR_DEFINITIONS = (
					"DEBUG=1",
					"$(inherited)",
				);
				GCC_SYMBOLS_PRIVATE_EXTERN = NO;
				GCC_WARN_64_TO_32_BIT_CONVERSION = YES;
				GCC_WARN_ABOUT_RETURN_TYPE = YES_ERROR;
				GCC_WARN_UNDECLARED_SELECTOR = YES;
				GCC_WARN_UNINITIALIZED_AUTOS = YES_AGGRESSIVE;
				GCC_WARN_UNUSED_FUNCTION = YES;
				GCC_WARN_UNUSED_VARIABLE = YES;
				IPHONEOS_DEPLOYMENT_TARGET = 7.1;
				MTL_ENABLE_DEBUG_INFO = YES;
				ONLY_ACTIVE_ARCH = YES;
				SDKROOT = iphoneos;
				TARGETED_DEVICE_FAMILY = "1,2";
			};
			name = Staging;
		};
		756BE97D1A7A731500FA5BB2 /* Staging */ = {
			isa = XCBuildConfiguration;
			baseConfigurationReference = 9B442B7361AE9EBC8D75096B /* Pods.debug.xcconfig */;
			buildSettings = {
				ASSETCATALOG_COMPILER_APPICON_NAME = AppIcon;
				GCC_PRECOMPILE_PREFIX_HEADER = YES;
				GCC_PREFIX_HEADER = "rg-ios-base/Supporting Files/PrefixHeader.pch";
				GCC_TREAT_WARNINGS_AS_ERRORS = YES;
				INFOPLIST_FILE = "rg-ios-base/Supporting Files/Info.plist";
				IPHONEOS_DEPLOYMENT_TARGET = 7.1;
				LD_RUNPATH_SEARCH_PATHS = "$(inherited) @executable_path/Frameworks";
				PRODUCT_NAME = "$(TARGET_NAME)";
			};
			name = Staging;
		};
		756BE97E1A7A731500FA5BB2 /* Staging */ = {
			isa = XCBuildConfiguration;
			buildSettings = {
				BUNDLE_LOADER = "$(TEST_HOST)";
				FRAMEWORK_SEARCH_PATHS = (
					"$(SDKROOT)/Developer/Library/Frameworks",
					"$(inherited)",
				);
				GCC_PREPROCESSOR_DEFINITIONS = (
					"DEBUG=1",
					"$(inherited)",
				);
				INFOPLIST_FILE = "rg-ios-baseTests/Info.plist";
				LD_RUNPATH_SEARCH_PATHS = "$(inherited) @executable_path/Frameworks @loader_path/Frameworks";
				PRODUCT_NAME = "$(TARGET_NAME)";
				TEST_HOST = "$(BUILT_PRODUCTS_DIR)/rg-ios-base.app/rg-ios-base";
			};
			name = Staging;
		};
		756BE97F1A7A732800FA5BB2 /* Production */ = {
			isa = XCBuildConfiguration;
			buildSettings = {
				ALWAYS_SEARCH_USER_PATHS = NO;
				CLANG_CXX_LANGUAGE_STANDARD = "gnu++0x";
				CLANG_CXX_LIBRARY = "libc++";
				CLANG_ENABLE_MODULES = YES;
				CLANG_ENABLE_OBJC_ARC = YES;
				CLANG_WARN_BOOL_CONVERSION = YES;
				CLANG_WARN_CONSTANT_CONVERSION = YES;
				CLANG_WARN_DIRECT_OBJC_ISA_USAGE = YES_ERROR;
				CLANG_WARN_EMPTY_BODY = YES;
				CLANG_WARN_ENUM_CONVERSION = YES;
				CLANG_WARN_INT_CONVERSION = YES;
				CLANG_WARN_OBJC_ROOT_CLASS = YES_ERROR;
				CLANG_WARN_UNREACHABLE_CODE = YES;
				CLANG_WARN__DUPLICATE_METHOD_MATCH = YES;
				"CODE_SIGN_IDENTITY[sdk=iphoneos*]" = "iPhone Developer";
				COPY_PHASE_STRIP = NO;
				ENABLE_STRICT_OBJC_MSGSEND = YES;
				GCC_C_LANGUAGE_STANDARD = gnu99;
				GCC_DYNAMIC_NO_PIC = NO;
				GCC_OPTIMIZATION_LEVEL = 0;
				GCC_PREPROCESSOR_DEFINITIONS = (
					"DEBUG=1",
					"$(inherited)",
				);
				GCC_SYMBOLS_PRIVATE_EXTERN = NO;
				GCC_WARN_64_TO_32_BIT_CONVERSION = YES;
				GCC_WARN_ABOUT_RETURN_TYPE = YES_ERROR;
				GCC_WARN_UNDECLARED_SELECTOR = YES;
				GCC_WARN_UNINITIALIZED_AUTOS = YES_AGGRESSIVE;
				GCC_WARN_UNUSED_FUNCTION = YES;
				GCC_WARN_UNUSED_VARIABLE = YES;
				IPHONEOS_DEPLOYMENT_TARGET = 7.1;
				MTL_ENABLE_DEBUG_INFO = YES;
				ONLY_ACTIVE_ARCH = YES;
				SDKROOT = iphoneos;
				TARGETED_DEVICE_FAMILY = "1,2";
			};
			name = Production;
		};
		756BE9801A7A732800FA5BB2 /* Production */ = {
			isa = XCBuildConfiguration;
			baseConfigurationReference = 9B442B7361AE9EBC8D75096B /* Pods.debug.xcconfig */;
			buildSettings = {
				ASSETCATALOG_COMPILER_APPICON_NAME = AppIcon;
				GCC_PRECOMPILE_PREFIX_HEADER = YES;
				GCC_PREFIX_HEADER = "rg-ios-base/Supporting Files/PrefixHeader.pch";
				GCC_TREAT_WARNINGS_AS_ERRORS = YES;
				INFOPLIST_FILE = "rg-ios-base/Supporting Files/Info.plist";
				IPHONEOS_DEPLOYMENT_TARGET = 7.1;
				LD_RUNPATH_SEARCH_PATHS = "$(inherited) @executable_path/Frameworks";
				PRODUCT_NAME = "$(TARGET_NAME)";
			};
			name = Production;
		};
		756BE9811A7A732800FA5BB2 /* Production */ = {
			isa = XCBuildConfiguration;
			buildSettings = {
				BUNDLE_LOADER = "$(TEST_HOST)";
				FRAMEWORK_SEARCH_PATHS = (
					"$(SDKROOT)/Developer/Library/Frameworks",
					"$(inherited)",
				);
				GCC_PREPROCESSOR_DEFINITIONS = (
					"DEBUG=1",
					"$(inherited)",
				);
				INFOPLIST_FILE = "rg-ios-baseTests/Info.plist";
				LD_RUNPATH_SEARCH_PATHS = "$(inherited) @executable_path/Frameworks @loader_path/Frameworks";
				PRODUCT_NAME = "$(TARGET_NAME)";
				TEST_HOST = "$(BUILT_PRODUCTS_DIR)/rg-ios-base.app/rg-ios-base";
			};
			name = Production;
		};
		75A401911A72DAAA0045109E /* Debug */ = {
			isa = XCBuildConfiguration;
			buildSettings = {
				ALWAYS_SEARCH_USER_PATHS = NO;
				CLANG_CXX_LANGUAGE_STANDARD = "gnu++0x";
				CLANG_CXX_LIBRARY = "libc++";
				CLANG_ENABLE_MODULES = YES;
				CLANG_ENABLE_OBJC_ARC = YES;
				CLANG_WARN_BOOL_CONVERSION = YES;
				CLANG_WARN_CONSTANT_CONVERSION = YES;
				CLANG_WARN_DIRECT_OBJC_ISA_USAGE = YES_ERROR;
				CLANG_WARN_EMPTY_BODY = YES;
				CLANG_WARN_ENUM_CONVERSION = YES;
				CLANG_WARN_INT_CONVERSION = YES;
				CLANG_WARN_OBJC_ROOT_CLASS = YES_ERROR;
				CLANG_WARN_UNREACHABLE_CODE = YES;
				CLANG_WARN__DUPLICATE_METHOD_MATCH = YES;
				"CODE_SIGN_IDENTITY[sdk=iphoneos*]" = "iPhone Developer";
				COPY_PHASE_STRIP = NO;
				ENABLE_STRICT_OBJC_MSGSEND = YES;
				GCC_C_LANGUAGE_STANDARD = gnu99;
				GCC_DYNAMIC_NO_PIC = NO;
				GCC_OPTIMIZATION_LEVEL = 0;
				GCC_PREPROCESSOR_DEFINITIONS = (
					"DEBUG=1",
					"$(inherited)",
				);
				GCC_SYMBOLS_PRIVATE_EXTERN = NO;
				GCC_WARN_64_TO_32_BIT_CONVERSION = YES;
				GCC_WARN_ABOUT_RETURN_TYPE = YES_ERROR;
				GCC_WARN_UNDECLARED_SELECTOR = YES;
				GCC_WARN_UNINITIALIZED_AUTOS = YES_AGGRESSIVE;
				GCC_WARN_UNUSED_FUNCTION = YES;
				GCC_WARN_UNUSED_VARIABLE = YES;
				IPHONEOS_DEPLOYMENT_TARGET = 7.1;
				MTL_ENABLE_DEBUG_INFO = YES;
				ONLY_ACTIVE_ARCH = YES;
				SDKROOT = iphoneos;
				TARGETED_DEVICE_FAMILY = "1,2";
			};
			name = Debug;
		};
		75A401921A72DAAA0045109E /* Release */ = {
			isa = XCBuildConfiguration;
			buildSettings = {
				ALWAYS_SEARCH_USER_PATHS = NO;
				CLANG_CXX_LANGUAGE_STANDARD = "gnu++0x";
				CLANG_CXX_LIBRARY = "libc++";
				CLANG_ENABLE_MODULES = YES;
				CLANG_ENABLE_OBJC_ARC = YES;
				CLANG_WARN_BOOL_CONVERSION = YES;
				CLANG_WARN_CONSTANT_CONVERSION = YES;
				CLANG_WARN_DIRECT_OBJC_ISA_USAGE = YES_ERROR;
				CLANG_WARN_EMPTY_BODY = YES;
				CLANG_WARN_ENUM_CONVERSION = YES;
				CLANG_WARN_INT_CONVERSION = YES;
				CLANG_WARN_OBJC_ROOT_CLASS = YES_ERROR;
				CLANG_WARN_UNREACHABLE_CODE = YES;
				CLANG_WARN__DUPLICATE_METHOD_MATCH = YES;
				"CODE_SIGN_IDENTITY[sdk=iphoneos*]" = "iPhone Developer";
				COPY_PHASE_STRIP = YES;
				ENABLE_NS_ASSERTIONS = NO;
				ENABLE_STRICT_OBJC_MSGSEND = YES;
				GCC_C_LANGUAGE_STANDARD = gnu99;
				GCC_WARN_64_TO_32_BIT_CONVERSION = YES;
				GCC_WARN_ABOUT_RETURN_TYPE = YES_ERROR;
				GCC_WARN_UNDECLARED_SELECTOR = YES;
				GCC_WARN_UNINITIALIZED_AUTOS = YES_AGGRESSIVE;
				GCC_WARN_UNUSED_FUNCTION = YES;
				GCC_WARN_UNUSED_VARIABLE = YES;
				IPHONEOS_DEPLOYMENT_TARGET = 7.1;
				MTL_ENABLE_DEBUG_INFO = NO;
				SDKROOT = iphoneos;
				TARGETED_DEVICE_FAMILY = "1,2";
				VALIDATE_PRODUCT = YES;
			};
			name = Release;
		};
		75A401941A72DAAA0045109E /* Debug */ = {
			isa = XCBuildConfiguration;
			baseConfigurationReference = 9B442B7361AE9EBC8D75096B /* Pods.debug.xcconfig */;
			buildSettings = {
				ASSETCATALOG_COMPILER_APPICON_NAME = AppIcon;
				GCC_PRECOMPILE_PREFIX_HEADER = YES;
				GCC_PREFIX_HEADER = "rg-ios-base/Supporting Files/PrefixHeader.pch";
				GCC_TREAT_WARNINGS_AS_ERRORS = YES;
				INFOPLIST_FILE = "rg-ios-base/Supporting Files/Info.plist";
				IPHONEOS_DEPLOYMENT_TARGET = 7.1;
				LD_RUNPATH_SEARCH_PATHS = "$(inherited) @executable_path/Frameworks";
				PRODUCT_NAME = "$(TARGET_NAME)";
			};
			name = Debug;
		};
		75A401951A72DAAA0045109E /* Release */ = {
			isa = XCBuildConfiguration;
			baseConfigurationReference = D7B434ED45124BC58DCA9EBB /* Pods.release.xcconfig */;
			buildSettings = {
				ASSETCATALOG_COMPILER_APPICON_NAME = AppIcon;
				GCC_PRECOMPILE_PREFIX_HEADER = YES;
				GCC_PREFIX_HEADER = "rg-ios-base/Supporting Files/PrefixHeader.pch";
				GCC_TREAT_WARNINGS_AS_ERRORS = YES;
				INFOPLIST_FILE = "rg-ios-base/Supporting Files/Info.plist";
				IPHONEOS_DEPLOYMENT_TARGET = 7.1;
				LD_RUNPATH_SEARCH_PATHS = "$(inherited) @executable_path/Frameworks";
				PRODUCT_NAME = "$(TARGET_NAME)";
			};
			name = Release;
		};
		75A401971A72DAAA0045109E /* Debug */ = {
			isa = XCBuildConfiguration;
			buildSettings = {
				BUNDLE_LOADER = "$(TEST_HOST)";
				FRAMEWORK_SEARCH_PATHS = (
					"$(SDKROOT)/Developer/Library/Frameworks",
					"$(inherited)",
				);
				GCC_PREPROCESSOR_DEFINITIONS = (
					"DEBUG=1",
					"$(inherited)",
				);
				INFOPLIST_FILE = "rg-ios-baseTests/Info.plist";
				LD_RUNPATH_SEARCH_PATHS = "$(inherited) @executable_path/Frameworks @loader_path/Frameworks";
				PRODUCT_NAME = "$(TARGET_NAME)";
				TEST_HOST = "$(BUILT_PRODUCTS_DIR)/rg-ios-base.app/rg-ios-base";
			};
			name = Debug;
		};
		75A401981A72DAAA0045109E /* Release */ = {
			isa = XCBuildConfiguration;
			buildSettings = {
				BUNDLE_LOADER = "$(TEST_HOST)";
				FRAMEWORK_SEARCH_PATHS = (
					"$(SDKROOT)/Developer/Library/Frameworks",
					"$(inherited)",
				);
				INFOPLIST_FILE = "rg-ios-baseTests/Info.plist";
				LD_RUNPATH_SEARCH_PATHS = "$(inherited) @executable_path/Frameworks @loader_path/Frameworks";
				PRODUCT_NAME = "$(TARGET_NAME)";
				TEST_HOST = "$(BUILT_PRODUCTS_DIR)/rg-ios-base.app/rg-ios-base";
			};
			name = Release;
		};
/* End XCBuildConfiguration section */

/* Begin XCConfigurationList section */
		75A4016B1A72DAAA0045109E /* Build configuration list for PBXProject "rg-ios-base" */ = {
			isa = XCConfigurationList;
			buildConfigurations = (
				75A401911A72DAAA0045109E /* Debug */,
				756BE97F1A7A732800FA5BB2 /* Production */,
				756BE97C1A7A731500FA5BB2 /* Staging */,
				75A401921A72DAAA0045109E /* Release */,
			);
			defaultConfigurationIsVisible = 0;
			defaultConfigurationName = Release;
		};
		75A401931A72DAAA0045109E /* Build configuration list for PBXNativeTarget "rg-ios-base" */ = {
			isa = XCConfigurationList;
			buildConfigurations = (
				75A401941A72DAAA0045109E /* Debug */,
				756BE9801A7A732800FA5BB2 /* Production */,
				756BE97D1A7A731500FA5BB2 /* Staging */,
				75A401951A72DAAA0045109E /* Release */,
			);
			defaultConfigurationIsVisible = 0;
			defaultConfigurationName = Release;
		};
		75A401961A72DAAA0045109E /* Build configuration list for PBXNativeTarget "rg-ios-baseTests" */ = {
			isa = XCConfigurationList;
			buildConfigurations = (
				75A401971A72DAAA0045109E /* Debug */,
				756BE9811A7A732800FA5BB2 /* Production */,
				756BE97E1A7A731500FA5BB2 /* Staging */,
				75A401981A72DAAA0045109E /* Release */,
			);
			defaultConfigurationIsVisible = 0;
			defaultConfigurationName = Release;
		};
/* End XCConfigurationList section */
	};
	rootObject = 75A401681A72DAAA0045109E /* Project object */;
}
